
Microsoft Visual Studio Solution File, Format Version 12.00
# Visual Studio 15
VisualStudioVersion = 15.0.27703.2000
MinimumVisualStudioVersion = 10.0.40219.1
Project("{8BC9CEB8-8B4A-11D0-8D11-00A0C91BC942}") = "Turmas, Alunos, etc etc", "Turmas, Alunos, etc etc\Turmas, Alunos, etc etc.vcxproj", "{9B4149F6-1974-41DA-B9D9-A177B4E58BAA}"
EndProject
Global
	GlobalSection(SolutionConfigurationPlatforms) = preSolution
		Debug|x64 = Debug|x64
		Debug|x86 = Debug|x86
		Release|x64 = Release|x64
		Release|x86 = Release|x86
	EndGlobalSection
	GlobalSection(ProjectConfigurationPlatforms) = postSolution
		{9B4149F6-1974-41DA-B9D9-A177B4E58BAA}.Debug|x64.ActiveCfg = Debug|x64
		{9B4149F6-1974-41DA-B9D9-A177B4E58BAA}.Debug|x64.Build.0 = Debug|x64
		{9B4149F6-1974-41DA-B9D9-A177B4E58BAA}.Debug|x86.ActiveCfg = Debug|Win32
		{9B4149F6-1974-41DA-B9D9-A177B4E58BAA}.Debug|x86.Build.0 = Debug|Win32
		{9B4149F6-1974-41DA-B9D9-A177B4E58BAA}.Release|x64.ActiveCfg = Release|x64
		{9B4149F6-1974-41DA-B9D9-A177B4E58BAA}.Release|x64.Build.0 = Release|x64
		{9B4149F6-1974-41DA-B9D9-A177B4E58BAA}.Release|x86.ActiveCfg = Release|Win32
		{9B4149F6-1974-41DA-B9D9-A177B4E58BAA}.Release|x86.Build.0 = Release|Win32
	EndGlobalSection
	GlobalSection(SolutionProperties) = preSolution
		HideSolutionNode = FALSE
	EndGlobalSection
	GlobalSection(ExtensibilityGlobals) = postSolution
		SolutionGuid = {4BE82538-C926-4CC5-AD84-5754EA5D9D16}
	EndGlobalSection
EndGlobal
